
Microsoft Visual Studio Solution File, Format Version 12.00
# Visual Studio Version 16
VisualStudioVersion = 16.0.30204.135
MinimumVisualStudioVersion = 10.0.40219.1
Project("{FAE04EC0-301F-11D3-BF4B-00C04F79EFBC}") = "OOPAndCollection Part2", "OOPAndCollection Part2.csproj", "{7EB13A73-C117-4520-8FD9-1632E28FF98C}"
EndProject
Global
	GlobalSection(SolutionConfigurationPlatforms) = preSolution
		Debug|Any CPU = Debug|Any CPU
		Release|Any CPU = Release|Any CPU
	EndGlobalSection
	GlobalSection(ProjectConfigurationPlatforms) = postSolution
		{7EB13A73-C117-4520-8FD9-1632E28FF98C}.Debug|Any CPU.ActiveCfg = Debug|Any CPU
		{7EB13A73-C117-4520-8FD9-1632E28FF98C}.Debug|Any CPU.Build.0 = Debug|Any CPU
		{7EB13A73-C117-4520-8FD9-1632E28FF98C}.Release|Any CPU.ActiveCfg = Release|Any CPU
		{7EB13A73-C117-4520-8FD9-1632E28FF98C}.Release|Any CPU.Build.0 = Release|Any CPU
	EndGlobalSection
	GlobalSection(SolutionProperties) = preSolution
		HideSolutionNode = FALSE
	EndGlobalSection
	GlobalSection(ExtensibilityGlobals) = postSolution
		SolutionGuid = {A3708BAD-3E4D-44BF-9197-8D2AC670DC12}
	EndGlobalSection
EndGlobal
